
Microsoft Visual Studio Solution File, Format Version 12.00
# Visual Studio Version 17
VisualStudioVersion = 17.7.34221.43
MinimumVisualStudioVersion = 10.0.40219.1
Project("{9A19103F-16F7-4668-BE54-9A1E7A4F7556}") = "SPAGame", "SPAGame\SPAGame.csproj", "{2B9C4C87-F716-4296-B3C9-3C5FB7421CC7}"
EndProject
Global
	GlobalSection(SolutionConfigurationPlatforms) = preSolution
		Debug|Any CPU = Debug|Any CPU
		Release|Any CPU = Release|Any CPU
	EndGlobalSection
	GlobalSection(ProjectConfigurationPlatforms) = postSolution
		{2B9C4C87-F716-4296-B3C9-3C5FB7421CC7}.Debug|Any CPU.ActiveCfg = Debug|Any CPU
		{2B9C4C87-F716-4296-B3C9-3C5FB7421CC7}.Debug|Any CPU.Build.0 = Debug|Any CPU
		{2B9C4C87-F716-4296-B3C9-3C5FB7421CC7}.Release|Any CPU.ActiveCfg = Release|Any CPU
		{2B9C4C87-F716-4296-B3C9-3C5FB7421CC7}.Release|Any CPU.Build.0 = Release|Any CPU
	EndGlobalSection
	GlobalSection(SolutionProperties) = preSolution
		HideSolutionNode = FALSE
	EndGlobalSection
	GlobalSection(ExtensibilityGlobals) = postSolution
		SolutionGuid = {FA32D342-F647-42E8-92A1-3B8D6F18C64C}
	EndGlobalSection
EndGlobal
